
Microsoft Visual Studio Solution File, Format Version 12.00
# Visual Studio 2013
VisualStudioVersion = 12.0.31101.0
MinimumVisualStudioVersion = 10.0.40219.1
Project("{FAE04EC0-301F-11D3-BF4B-00C04F79EFBC}") = "AbstractQuery", "AbstractQuery\AbstractQuery.csproj", "{0C4170D8-06CF-42A2-8598-0E7AC21BFE00}"
EndProject
Project("{FAE04EC0-301F-11D3-BF4B-00C04F79EFBC}") = "ConsoleTest", "ConsoleTest\ConsoleTest.csproj", "{94C1D22F-49E1-40FC-A7D5-A720EDEDA224}"
EndProject
Project("{FAE04EC0-301F-11D3-BF4B-00C04F79EFBC}") = "AbstractQuery.MySql", "AbstractQuery.MySql\AbstractQuery.MySql.csproj", "{0B9EC507-4BA1-4A3D-83F3-F737A5E62D66}"
EndProject
Project("{FAE04EC0-301F-11D3-BF4B-00C04F79EFBC}") = "AbstractQuery.Tests", "AbstractQuery.Tests\AbstractQuery.Tests.csproj", "{D153E5EF-E023-4294-8E34-B0777EBA41BA}"
EndProject
Project("{FAE04EC0-301F-11D3-BF4B-00C04F79EFBC}") = "AbstractQuery.SQLite", "AbstractQuery.SQLite\AbstractQuery.SQLite.csproj", "{771723CF-CBF0-4A37-BCCB-4BD9E65FE5E0}"
EndProject
Global
	GlobalSection(SolutionConfigurationPlatforms) = preSolution
		Debug|Any CPU = Debug|Any CPU
		Release|Any CPU = Release|Any CPU
	EndGlobalSection
	GlobalSection(ProjectConfigurationPlatforms) = postSolution
		{0C4170D8-06CF-42A2-8598-0E7AC21BFE00}.Debug|Any CPU.ActiveCfg = Debug|Any CPU
		{0C4170D8-06CF-42A2-8598-0E7AC21BFE00}.Debug|Any CPU.Build.0 = Debug|Any CPU
		{0C4170D8-06CF-42A2-8598-0E7AC21BFE00}.Release|Any CPU.ActiveCfg = Release|Any CPU
		{0C4170D8-06CF-42A2-8598-0E7AC21BFE00}.Release|Any CPU.Build.0 = Release|Any CPU
		{94C1D22F-49E1-40FC-A7D5-A720EDEDA224}.Debug|Any CPU.ActiveCfg = Debug|Any CPU
		{94C1D22F-49E1-40FC-A7D5-A720EDEDA224}.Debug|Any CPU.Build.0 = Debug|Any CPU
		{94C1D22F-49E1-40FC-A7D5-A720EDEDA224}.Release|Any CPU.ActiveCfg = Release|Any CPU
		{94C1D22F-49E1-40FC-A7D5-A720EDEDA224}.Release|Any CPU.Build.0 = Release|Any CPU
		{0B9EC507-4BA1-4A3D-83F3-F737A5E62D66}.Debug|Any CPU.ActiveCfg = Debug|Any CPU
		{0B9EC507-4BA1-4A3D-83F3-F737A5E62D66}.Debug|Any CPU.Build.0 = Debug|Any CPU
		{0B9EC507-4BA1-4A3D-83F3-F737A5E62D66}.Release|Any CPU.ActiveCfg = Release|Any CPU
		{0B9EC507-4BA1-4A3D-83F3-F737A5E62D66}.Release|Any CPU.Build.0 = Release|Any CPU
		{D153E5EF-E023-4294-8E34-B0777EBA41BA}.Debug|Any CPU.ActiveCfg = Debug|Any CPU
		{D153E5EF-E023-4294-8E34-B0777EBA41BA}.Debug|Any CPU.Build.0 = Debug|Any CPU
		{D153E5EF-E023-4294-8E34-B0777EBA41BA}.Release|Any CPU.ActiveCfg = Release|Any CPU
		{D153E5EF-E023-4294-8E34-B0777EBA41BA}.Release|Any CPU.Build.0 = Release|Any CPU
		{771723CF-CBF0-4A37-BCCB-4BD9E65FE5E0}.Debug|Any CPU.ActiveCfg = Debug|Any CPU
		{771723CF-CBF0-4A37-BCCB-4BD9E65FE5E0}.Debug|Any CPU.Build.0 = Debug|Any CPU
		{771723CF-CBF0-4A37-BCCB-4BD9E65FE5E0}.Release|Any CPU.ActiveCfg = Release|Any CPU
		{771723CF-CBF0-4A37-BCCB-4BD9E65FE5E0}.Release|Any CPU.Build.0 = Release|Any CPU
	EndGlobalSection
	GlobalSection(SolutionProperties) = preSolution
		HideSolutionNode = FALSE
	EndGlobalSection
EndGlobal
